
Microsoft Visual Studio Solution File, Format Version 12.00
# Visual Studio Version 17
VisualStudioVersion = 17.3.32929.385
MinimumVisualStudioVersion = 10.0.40219.1
Project("{FAE04EC0-301F-11D3-BF4B-00C04F79EFBC}") = "Tombola", "Tombola\Tombola.csproj", "{4F177D52-F5D9-4FF9-809D-3EC5753B83DB}"
EndProject
Global
	GlobalSection(SolutionConfigurationPlatforms) = preSolution
		Debug|Any CPU = Debug|Any CPU
		Release|Any CPU = Release|Any CPU
	EndGlobalSection
	GlobalSection(ProjectConfigurationPlatforms) = postSolution
		{4F177D52-F5D9-4FF9-809D-3EC5753B83DB}.Debug|Any CPU.ActiveCfg = Debug|Any CPU
		{4F177D52-F5D9-4FF9-809D-3EC5753B83DB}.Debug|Any CPU.Build.0 = Debug|Any CPU
		{4F177D52-F5D9-4FF9-809D-3EC5753B83DB}.Release|Any CPU.ActiveCfg = Release|Any CPU
		{4F177D52-F5D9-4FF9-809D-3EC5753B83DB}.Release|Any CPU.Build.0 = Release|Any CPU
	EndGlobalSection
	GlobalSection(SolutionProperties) = preSolution
		HideSolutionNode = FALSE
	EndGlobalSection
	GlobalSection(ExtensibilityGlobals) = postSolution
		SolutionGuid = {AA9BBA56-63CF-4ADB-A986-C4E2F7635E05}
	EndGlobalSection
EndGlobal
